// !$*UTF8*$!
{
	archiveVersion = 1;
	classes = {
	};
	objectVersion = 52;
	objects = {

/* Begin PBXBuildFile section */
		6EDCAF8A2451FE1500799946 /* NetworkDebuggerMainView.swift in Sources */ = {isa = PBXBuildFile; fileRef = 6EDCAF892451FE1500799946 /* NetworkDebuggerMainView.swift */; };
		6EDCAF8C2451FE8D00799946 /* MockRequest.swift in Sources */ = {isa = PBXBuildFile; fileRef = 6EDCAF8B2451FE8D00799946 /* MockRequest.swift */; };
		6EDCAF8E2451FEAB00799946 /* MockRequestsListViewModel.swift in Sources */ = {isa = PBXBuildFile; fileRef = 6EDCAF8D2451FEAB00799946 /* MockRequestsListViewModel.swift */; };
		6EDCAF902451FEE000799946 /* NetworkRequestView.swift in Sources */ = {isa = PBXBuildFile; fileRef = 6EDCAF8F2451FEE000799946 /* NetworkRequestView.swift */; };
		C98743AA2451FC4500036E5F /* MKUICommon in Frameworks */ = {isa = PBXBuildFile; productRef = C98743A92451FC4500036E5F /* MKUICommon */; };
		C99BFE442448FD71008CBB02 /* AppDelegate.swift in Sources */ = {isa = PBXBuildFile; fileRef = C99BFE432448FD71008CBB02 /* AppDelegate.swift */; };
		C99BFE462448FD71008CBB02 /* SceneDelegate.swift in Sources */ = {isa = PBXBuildFile; fileRef = C99BFE452448FD71008CBB02 /* SceneDelegate.swift */; };
		C99BFE4A2448FD72008CBB02 /* Assets.xcassets in Resources */ = {isa = PBXBuildFile; fileRef = C99BFE492448FD72008CBB02 /* Assets.xcassets */; };
		C99BFE4D2448FD72008CBB02 /* Preview Assets.xcassets in Resources */ = {isa = PBXBuildFile; fileRef = C99BFE4C2448FD72008CBB02 /* Preview Assets.xcassets */; };
		C99BFE502448FD72008CBB02 /* LaunchScreen.storyboard in Resources */ = {isa = PBXBuildFile; fileRef = C99BFE4E2448FD72008CBB02 /* LaunchScreen.storyboard */; };
		C99BFE5B2448FD72008CBB02 /* DebugInterfaceTests.swift in Sources */ = {isa = PBXBuildFile; fileRef = C99BFE5A2448FD72008CBB02 /* DebugInterfaceTests.swift */; };
		C99BFE662448FD72008CBB02 /* DebugInterfaceUITests.swift in Sources */ = {isa = PBXBuildFile; fileRef = C99BFE652448FD72008CBB02 /* DebugInterfaceUITests.swift */; };
		C99BFE762448FDB7008CBB02 /* RequestLog.swift in Sources */ = {isa = PBXBuildFile; fileRef = C99BFE752448FDB7008CBB02 /* RequestLog.swift */; };
		C99BFE782448FED4008CBB02 /* SearchBar.swift in Sources */ = {isa = PBXBuildFile; fileRef = C99BFE772448FED4008CBB02 /* SearchBar.swift */; };
		C99BFE7A244905BA008CBB02 /* Request.swift in Sources */ = {isa = PBXBuildFile; fileRef = C99BFE79244905BA008CBB02 /* Request.swift */; };
/* End PBXBuildFile section */

/* Begin PBXContainerItemProxy section */
		C99BFE572448FD72008CBB02 /* PBXContainerItemProxy */ = {
			isa = PBXContainerItemProxy;
			containerPortal = C99BFE382448FD71008CBB02 /* Project object */;
			proxyType = 1;
			remoteGlobalIDString = C99BFE3F2448FD71008CBB02;
			remoteInfo = DebugInterface;
		};
		C99BFE622448FD72008CBB02 /* PBXContainerItemProxy */ = {
			isa = PBXContainerItemProxy;
			containerPortal = C99BFE382448FD71008CBB02 /* Project object */;
			proxyType = 1;
			remoteGlobalIDString = C99BFE3F2448FD71008CBB02;
			remoteInfo = DebugInterface;
		};
/* End PBXContainerItemProxy section */

/* Begin PBXFileReference section */
		6EDCAF892451FE1500799946 /* NetworkDebuggerMainView.swift */ = {isa = PBXFileReference; lastKnownFileType = sourcecode.swift; path = NetworkDebuggerMainView.swift; sourceTree = "<group>"; };
		6EDCAF8B2451FE8D00799946 /* MockRequest.swift */ = {isa = PBXFileReference; lastKnownFileType = sourcecode.swift; path = MockRequest.swift; sourceTree = "<group>"; };
		6EDCAF8D2451FEAB00799946 /* MockRequestsListViewModel.swift */ = {isa = PBXFileReference; lastKnownFileType = sourcecode.swift; path = MockRequestsListViewModel.swift; sourceTree = "<group>"; };
		6EDCAF8F2451FEE000799946 /* NetworkRequestView.swift */ = {isa = PBXFileReference; lastKnownFileType = sourcecode.swift; path = NetworkRequestView.swift; sourceTree = "<group>"; };
		C99BFE402448FD71008CBB02 /* DebugInterface.app */ = {isa = PBXFileReference; explicitFileType = wrapper.application; includeInIndex = 0; path = DebugInterface.app; sourceTree = BUILT_PRODUCTS_DIR; };
		C99BFE432448FD71008CBB02 /* AppDelegate.swift */ = {isa = PBXFileReference; lastKnownFileType = sourcecode.swift; path = AppDelegate.swift; sourceTree = "<group>"; };
		C99BFE452448FD71008CBB02 /* SceneDelegate.swift */ = {isa = PBXFileReference; lastKnownFileType = sourcecode.swift; path = SceneDelegate.swift; sourceTree = "<group>"; };
		C99BFE492448FD72008CBB02 /* Assets.xcassets */ = {isa = PBXFileReference; lastKnownFileType = folder.assetcatalog; path = Assets.xcassets; sourceTree = "<group>"; };
		C99BFE4C2448FD72008CBB02 /* Preview Assets.xcassets */ = {isa = PBXFileReference; lastKnownFileType = folder.assetcatalog; path = "Preview Assets.xcassets"; sourceTree = "<group>"; };
		C99BFE4F2448FD72008CBB02 /* Base */ = {isa = PBXFileReference; lastKnownFileType = file.storyboard; name = Base; path = Base.lproj/LaunchScreen.storyboard; sourceTree = "<group>"; };
		C99BFE512448FD72008CBB02 /* Info.plist */ = {isa = PBXFileReference; lastKnownFileType = text.plist.xml; path = Info.plist; sourceTree = "<group>"; };
		C99BFE562448FD72008CBB02 /* DebugInterfaceTests.xctest */ = {isa = PBXFileReference; explicitFileType = wrapper.cfbundle; includeInIndex = 0; path = DebugInterfaceTests.xctest; sourceTree = BUILT_PRODUCTS_DIR; };
		C99BFE5A2448FD72008CBB02 /* DebugInterfaceTests.swift */ = {isa = PBXFileReference; lastKnownFileType = sourcecode.swift; path = DebugInterfaceTests.swift; sourceTree = "<group>"; };
		C99BFE5C2448FD72008CBB02 /* Info.plist */ = {isa = PBXFileReference; lastKnownFileType = text.plist.xml; path = Info.plist; sourceTree = "<group>"; };
		C99BFE612448FD72008CBB02 /* DebugInterfaceUITests.xctest */ = {isa = PBXFileReference; explicitFileType = wrapper.cfbundle; includeInIndex = 0; path = DebugInterfaceUITests.xctest; sourceTree = BUILT_PRODUCTS_DIR; };
		C99BFE652448FD72008CBB02 /* DebugInterfaceUITests.swift */ = {isa = PBXFileReference; lastKnownFileType = sourcecode.swift; path = DebugInterfaceUITests.swift; sourceTree = "<group>"; };
		C99BFE672448FD72008CBB02 /* Info.plist */ = {isa = PBXFileReference; lastKnownFileType = text.plist.xml; path = Info.plist; sourceTree = "<group>"; };
		C99BFE752448FDB7008CBB02 /* RequestLog.swift */ = {isa = PBXFileReference; lastKnownFileType = sourcecode.swift; path = RequestLog.swift; sourceTree = "<group>"; };
		C99BFE772448FED4008CBB02 /* SearchBar.swift */ = {isa = PBXFileReference; lastKnownFileType = sourcecode.swift; path = SearchBar.swift; sourceTree = "<group>"; };
		C99BFE79244905BA008CBB02 /* Request.swift */ = {isa = PBXFileReference; lastKnownFileType = sourcecode.swift; path = Request.swift; sourceTree = "<group>"; };
/* End PBXFileReference section */

/* Begin PBXFrameworksBuildPhase section */
		C99BFE3D2448FD71008CBB02 /* Frameworks */ = {
			isa = PBXFrameworksBuildPhase;
			buildActionMask = 2147483647;
			files = (
				C98743AA2451FC4500036E5F /* MKUICommon in Frameworks */,
			);
			runOnlyForDeploymentPostprocessing = 0;
		};
		C99BFE532448FD72008CBB02 /* Frameworks */ = {
			isa = PBXFrameworksBuildPhase;
			buildActionMask = 2147483647;
			files = (
			);
			runOnlyForDeploymentPostprocessing = 0;
		};
		C99BFE5E2448FD72008CBB02 /* Frameworks */ = {
			isa = PBXFrameworksBuildPhase;
			buildActionMask = 2147483647;
			files = (
			);
			runOnlyForDeploymentPostprocessing = 0;
		};
/* End PBXFrameworksBuildPhase section */

/* Begin PBXGroup section */
		C987439F2451FB9F00036E5F /* Old Iteration */ = {
			isa = PBXGroup;
			children = (
				C99BFE772448FED4008CBB02 /* SearchBar.swift */,
				C99BFE79244905BA008CBB02 /* Request.swift */,
				C99BFE752448FDB7008CBB02 /* RequestLog.swift */,
			);
			path = "Old Iteration";
			sourceTree = "<group>";
		};
		C99BFE372448FD71008CBB02 = {
			isa = PBXGroup;
			children = (
				C99BFE422448FD71008CBB02 /* DebugInterface */,
				C99BFE592448FD72008CBB02 /* DebugInterfaceTests */,
				C99BFE642448FD72008CBB02 /* DebugInterfaceUITests */,
				C99BFE412448FD71008CBB02 /* Products */,
			);
			sourceTree = "<group>";
		};
		C99BFE412448FD71008CBB02 /* Products */ = {
			isa = PBXGroup;
			children = (
				C99BFE402448FD71008CBB02 /* DebugInterface.app */,
				C99BFE562448FD72008CBB02 /* DebugInterfaceTests.xctest */,
				C99BFE612448FD72008CBB02 /* DebugInterfaceUITests.xctest */,
			);
			name = Products;
			sourceTree = "<group>";
		};
		C99BFE422448FD71008CBB02 /* DebugInterface */ = {
			isa = PBXGroup;
			children = (
				C99BFE432448FD71008CBB02 /* AppDelegate.swift */,
				C99BFE452448FD71008CBB02 /* SceneDelegate.swift */,
				6EDCAF8B2451FE8D00799946 /* MockRequest.swift */,
				6EDCAF8D2451FEAB00799946 /* MockRequestsListViewModel.swift */,
				6EDCAF892451FE1500799946 /* NetworkDebuggerMainView.swift */,
				6EDCAF8F2451FEE000799946 /* NetworkRequestView.swift */,
				C99BFE492448FD72008CBB02 /* Assets.xcassets */,
				C99BFE4E2448FD72008CBB02 /* LaunchScreen.storyboard */,
				C99BFE512448FD72008CBB02 /* Info.plist */,
				C987439F2451FB9F00036E5F /* Old Iteration */,
				C99BFE4B2448FD72008CBB02 /* Preview Content */,
			);
			path = DebugInterface;
			sourceTree = "<group>";
		};
		C99BFE4B2448FD72008CBB02 /* Preview Content */ = {
			isa = PBXGroup;
			children = (
				C99BFE4C2448FD72008CBB02 /* Preview Assets.xcassets */,
			);
			path = "Preview Content";
			sourceTree = "<group>";
		};
		C99BFE592448FD72008CBB02 /* DebugInterfaceTests */ = {
			isa = PBXGroup;
			children = (
				C99BFE5A2448FD72008CBB02 /* DebugInterfaceTests.swift */,
				C99BFE5C2448FD72008CBB02 /* Info.plist */,
			);
			path = DebugInterfaceTests;
			sourceTree = "<group>";
		};
		C99BFE642448FD72008CBB02 /* DebugInterfaceUITests */ = {
			isa = PBXGroup;
			children = (
				C99BFE652448FD72008CBB02 /* DebugInterfaceUITests.swift */,
				C99BFE672448FD72008CBB02 /* Info.plist */,
			);
			path = DebugInterfaceUITests;
			sourceTree = "<group>";
		};
/* End PBXGroup section */

/* Begin PBXNativeTarget section */
		C99BFE3F2448FD71008CBB02 /* DebugInterface */ = {
			isa = PBXNativeTarget;
			buildConfigurationList = C99BFE6A2448FD72008CBB02 /* Build configuration list for PBXNativeTarget "DebugInterface" */;
			buildPhases = (
				C99BFE3C2448FD71008CBB02 /* Sources */,
				C99BFE3D2448FD71008CBB02 /* Frameworks */,
				C99BFE3E2448FD71008CBB02 /* Resources */,
			);
			buildRules = (
			);
			dependencies = (
			);
			name = DebugInterface;
			packageProductDependencies = (
				C98743A92451FC4500036E5F /* MKUICommon */,
			);
			productName = DebugInterface;
			productReference = C99BFE402448FD71008CBB02 /* DebugInterface.app */;
			productType = "com.apple.product-type.application";
		};
		C99BFE552448FD72008CBB02 /* DebugInterfaceTests */ = {
			isa = PBXNativeTarget;
			buildConfigurationList = C99BFE6D2448FD72008CBB02 /* Build configuration list for PBXNativeTarget "DebugInterfaceTests" */;
			buildPhases = (
				C99BFE522448FD72008CBB02 /* Sources */,
				C99BFE532448FD72008CBB02 /* Frameworks */,
				C99BFE542448FD72008CBB02 /* Resources */,
			);
			buildRules = (
			);
			dependencies = (
				C99BFE582448FD72008CBB02 /* PBXTargetDependency */,
			);
			name = DebugInterfaceTests;
			productName = DebugInterfaceTests;
			productReference = C99BFE562448FD72008CBB02 /* DebugInterfaceTests.xctest */;
			productType = "com.apple.product-type.bundle.unit-test";
		};
		C99BFE602448FD72008CBB02 /* DebugInterfaceUITests */ = {
			isa = PBXNativeTarget;
			buildConfigurationList = C99BFE702448FD72008CBB02 /* Build configuration list for PBXNativeTarget "DebugInterfaceUITests" */;
			buildPhases = (
				C99BFE5D2448FD72008CBB02 /* Sources */,
				C99BFE5E2448FD72008CBB02 /* Frameworks */,
				C99BFE5F2448FD72008CBB02 /* Resources */,
			);
			buildRules = (
			);
			dependencies = (
				C99BFE632448FD72008CBB02 /* PBXTargetDependency */,
			);
			name = DebugInterfaceUITests;
			productName = DebugInterfaceUITests;
			productReference = C99BFE612448FD72008CBB02 /* DebugInterfaceUITests.xctest */;
			productType = "com.apple.product-type.bundle.ui-testing";
		};
/* End PBXNativeTarget section */

/* Begin PBXProject section */
		C99BFE382448FD71008CBB02 /* Project object */ = {
			isa = PBXProject;
			attributes = {
				LastSwiftUpdateCheck = 1140;
				LastUpgradeCheck = 1140;
				ORGANIZATIONNAME = "Mitchell Budge";
				TargetAttributes = {
					C99BFE3F2448FD71008CBB02 = {
						CreatedOnToolsVersion = 11.4;
					};
					C99BFE552448FD72008CBB02 = {
						CreatedOnToolsVersion = 11.4;
						TestTargetID = C99BFE3F2448FD71008CBB02;
					};
					C99BFE602448FD72008CBB02 = {
						CreatedOnToolsVersion = 11.4;
						TestTargetID = C99BFE3F2448FD71008CBB02;
					};
				};
			};
			buildConfigurationList = C99BFE3B2448FD71008CBB02 /* Build configuration list for PBXProject "DebugInterface" */;
			compatibilityVersion = "Xcode 9.3";
			developmentRegion = en;
			hasScannedForEncodings = 0;
			knownRegions = (
				en,
				Base,
			);
			mainGroup = C99BFE372448FD71008CBB02;
			packageReferences = (
				C98743A82451FC4500036E5F /* XCRemoteSwiftPackageReference "MKUICommon" */,
			);
			productRefGroup = C99BFE412448FD71008CBB02 /* Products */;
			projectDirPath = "";
			projectRoot = "";
			targets = (
				C99BFE3F2448FD71008CBB02 /* DebugInterface */,
				C99BFE552448FD72008CBB02 /* DebugInterfaceTests */,
				C99BFE602448FD72008CBB02 /* DebugInterfaceUITests */,
			);
		};
/* End PBXProject section */

/* Begin PBXResourcesBuildPhase section */
		C99BFE3E2448FD71008CBB02 /* Resources */ = {
			isa = PBXResourcesBuildPhase;
			buildActionMask = 2147483647;
			files = (
				C99BFE502448FD72008CBB02 /* LaunchScreen.storyboard in Resources */,
				C99BFE4D2448FD72008CBB02 /* Preview Assets.xcassets in Resources */,
				C99BFE4A2448FD72008CBB02 /* Assets.xcassets in Resources */,
			);
			runOnlyForDeploymentPostprocessing = 0;
		};
		C99BFE542448FD72008CBB02 /* Resources */ = {
			isa = PBXResourcesBuildPhase;
			buildActionMask = 2147483647;
			files = (
			);
			runOnlyForDeploymentPostprocessing = 0;
		};
		C99BFE5F2448FD72008CBB02 /* Resources */ = {
			isa = PBXResourcesBuildPhase;
			buildActionMask = 2147483647;
			files = (
			);
			runOnlyForDeploymentPostprocessing = 0;
		};
/* End PBXResourcesBuildPhase section */

/* Begin PBXSourcesBuildPhase section */
		C99BFE3C2448FD71008CBB02 /* Sources */ = {
			isa = PBXSourcesBuildPhase;
			buildActionMask = 2147483647;
			files = (
				6EDCAF8E2451FEAB00799946 /* MockRequestsListViewModel.swift in Sources */,
				C99BFE442448FD71008CBB02 /* AppDelegate.swift in Sources */,
				6EDCAF8C2451FE8D00799946 /* MockRequest.swift in Sources */,
				C99BFE7A244905BA008CBB02 /* Request.swift in Sources */,
				C99BFE462448FD71008CBB02 /* SceneDelegate.swift in Sources */,
				C99BFE782448FED4008CBB02 /* SearchBar.swift in Sources */,
				C99BFE762448FDB7008CBB02 /* RequestLog.swift in Sources */,
				6EDCAF902451FEE000799946 /* NetworkRequestView.swift in Sources */,
				6EDCAF8A2451FE1500799946 /* NetworkDebuggerMainView.swift in Sources */,
			);
			runOnlyForDeploymentPostprocessing = 0;
		};
		C99BFE522448FD72008CBB02 /* Sources */ = {
			isa = PBXSourcesBuildPhase;
			buildActionMask = 2147483647;
			files = (
				C99BFE5B2448FD72008CBB02 /* DebugInterfaceTests.swift in Sources */,
			);
			runOnlyForDeploymentPostprocessing = 0;
		};
		C99BFE5D2448FD72008CBB02 /* Sources */ = {
			isa = PBXSourcesBuildPhase;
			buildActionMask = 2147483647;
			files = (
				C99BFE662448FD72008CBB02 /* DebugInterfaceUITests.swift in Sources */,
			);
			runOnlyForDeploymentPostprocessing = 0;
		};
/* End PBXSourcesBuildPhase section */

/* Begin PBXTargetDependency section */
		C99BFE582448FD72008CBB02 /* PBXTargetDependency */ = {
			isa = PBXTargetDependency;
			target = C99BFE3F2448FD71008CBB02 /* DebugInterface */;
			targetProxy = C99BFE572448FD72008CBB02 /* PBXContainerItemProxy */;
		};
		C99BFE632448FD72008CBB02 /* PBXTargetDependency */ = {
			isa = PBXTargetDependency;
			target = C99BFE3F2448FD71008CBB02 /* DebugInterface */;
			targetProxy = C99BFE622448FD72008CBB02 /* PBXContainerItemProxy */;
		};
/* End PBXTargetDependency section */

/* Begin PBXVariantGroup section */
		C99BFE4E2448FD72008CBB02 /* LaunchScreen.storyboard */ = {
			isa = PBXVariantGroup;
			children = (
				C99BFE4F2448FD72008CBB02 /* Base */,
			);
			name = LaunchScreen.storyboard;
			sourceTree = "<group>";
		};
/* End PBXVariantGroup section */

/* Begin XCBuildConfiguration section */
		C99BFE682448FD72008CBB02 /* Debug */ = {
			isa = XCBuildConfiguration;
			buildSettings = {
				ALWAYS_SEARCH_USER_PATHS = NO;
				CLANG_ANALYZER_NONNULL = YES;
				CLANG_ANALYZER_NUMBER_OBJECT_CONVERSION = YES_AGGRESSIVE;
				CLANG_CXX_LANGUAGE_STANDARD = "gnu++14";
				CLANG_CXX_LIBRARY = "libc++";
				CLANG_ENABLE_MODULES = YES;
				CLANG_ENABLE_OBJC_ARC = YES;
				CLANG_ENABLE_OBJC_WEAK = YES;
				CLANG_WARN_BLOCK_CAPTURE_AUTORELEASING = YES;
				CLANG_WARN_BOOL_CONVERSION = YES;
				CLANG_WARN_COMMA = YES;
				CLANG_WARN_CONSTANT_CONVERSION = YES;
				CLANG_WARN_DEPRECATED_OBJC_IMPLEMENTATIONS = YES;
				CLANG_WARN_DIRECT_OBJC_ISA_USAGE = YES_ERROR;
				CLANG_WARN_DOCUMENTATION_COMMENTS = YES;
				CLANG_WARN_EMPTY_BODY = YES;
				CLANG_WARN_ENUM_CONVERSION = YES;
				CLANG_WARN_INFINITE_RECURSION = YES;
				CLANG_WARN_INT_CONVERSION = YES;
				CLANG_WARN_NON_LITERAL_NULL_CONVERSION = YES;
				CLANG_WARN_OBJC_IMPLICIT_RETAIN_SELF = YES;
				CLANG_WARN_OBJC_LITERAL_CONVERSION = YES;
				CLANG_WARN_OBJC_ROOT_CLASS = YES_ERROR;
				CLANG_WARN_RANGE_LOOP_ANALYSIS = YES;
				CLANG_WARN_STRICT_PROTOTYPES = YES;
				CLANG_WARN_SUSPICIOUS_MOVE = YES;
				CLANG_WARN_UNGUARDED_AVAILABILITY = YES_AGGRESSIVE;
				CLANG_WARN_UNREACHABLE_CODE = YES;
				CLANG_WARN__DUPLICATE_METHOD_MATCH = YES;
				COPY_PHASE_STRIP = NO;
				DEBUG_INFORMATION_FORMAT = dwarf;
				ENABLE_STRICT_OBJC_MSGSEND = YES;
				ENABLE_TESTABILITY = YES;
				GCC_C_LANGUAGE_STANDARD = gnu11;
				GCC_DYNAMIC_NO_PIC = NO;
				GCC_NO_COMMON_BLOCKS = YES;
				GCC_OPTIMIZATION_LEVEL = 0;
				GCC_PREPROCESSOR_DEFINITIONS = (
					"DEBUG=1",
					"$(inherited)",
				);
				GCC_WARN_64_TO_32_BIT_CONVERSION = YES;
				GCC_WARN_ABOUT_RETURN_TYPE = YES_ERROR;
				GCC_WARN_UNDECLARED_SELECTOR = YES;
				GCC_WARN_UNINITIALIZED_AUTOS = YES_AGGRESSIVE;
				GCC_WARN_UNUSED_FUNCTION = YES;
				GCC_WARN_UNUSED_VARIABLE = YES;
				IPHONEOS_DEPLOYMENT_TARGET = 13.4;
				MTL_ENABLE_DEBUG_INFO = INCLUDE_SOURCE;
				MTL_FAST_MATH = YES;
				ONLY_ACTIVE_ARCH = YES;
				SDKROOT = iphoneos;
				SWIFT_ACTIVE_COMPILATION_CONDITIONS = DEBUG;
				SWIFT_OPTIMIZATION_LEVEL = "-Onone";
			};
			name = Debug;
		};
		C99BFE692448FD72008CBB02 /* Release */ = {
			isa = XCBuildConfiguration;
			buildSettings = {
				ALWAYS_SEARCH_USER_PATHS = NO;
				CLANG_ANALYZER_NONNULL = YES;
				CLANG_ANALYZER_NUMBER_OBJECT_CONVERSION = YES_AGGRESSIVE;
				CLANG_CXX_LANGUAGE_STANDARD = "gnu++14";
				CLANG_CXX_LIBRARY = "libc++";
				CLANG_ENABLE_MODULES = YES;
				CLANG_ENABLE_OBJC_ARC = YES;
				CLANG_ENABLE_OBJC_WEAK = YES;
				CLANG_WARN_BLOCK_CAPTURE_AUTORELEASING = YES;
				CLANG_WARN_BOOL_CONVERSION = YES;
				CLANG_WARN_COMMA = YES;
				CLANG_WARN_CONSTANT_CONVERSION = YES;
				CLANG_WARN_DEPRECATED_OBJC_IMPLEMENTATIONS = YES;
				CLANG_WARN_DIRECT_OBJC_ISA_USAGE = YES_ERROR;
				CLANG_WARN_DOCUMENTATION_COMMENTS = YES;
				CLANG_WARN_EMPTY_BODY = YES;
				CLANG_WARN_ENUM_CONVERSION = YES;
				CLANG_WARN_INFINITE_RECURSION = YES;
				CLANG_WARN_INT_CONVERSION = YES;
				CLANG_WARN_NON_LITERAL_NULL_CONVERSION = YES;
				CLANG_WARN_OBJC_IMPLICIT_RETAIN_SELF = YES;
				CLANG_WARN_OBJC_LITERAL_CONVERSION = YES;
				CLANG_WARN_OBJC_ROOT_CLASS = YES_ERROR;
				CLANG_WARN_RANGE_LOOP_ANALYSIS = YES;
				CLANG_WARN_STRICT_PROTOTYPES = YES;
				CLANG_WARN_SUSPICIOUS_MOVE = YES;
				CLANG_WARN_UNGUARDED_AVAILABILITY = YES_AGGRESSIVE;
				CLANG_WARN_UNREACHABLE_CODE = YES;
				CLANG_WARN__DUPLICATE_METHOD_MATCH = YES;
				COPY_PHASE_STRIP = NO;
				DEBUG_INFORMATION_FORMAT = "dwarf-with-dsym";
				ENABLE_NS_ASSERTIONS = NO;
				ENABLE_STRICT_OBJC_MSGSEND = YES;
				GCC_C_LANGUAGE_STANDARD = gnu11;
				GCC_NO_COMMON_BLOCKS = YES;
				GCC_WARN_64_TO_32_BIT_CONVERSION = YES;
				GCC_WARN_ABOUT_RETURN_TYPE = YES_ERROR;
				GCC_WARN_UNDECLARED_SELECTOR = YES;
				GCC_WARN_UNINITIALIZED_AUTOS = YES_AGGRESSIVE;
				GCC_WARN_UNUSED_FUNCTION = YES;
				GCC_WARN_UNUSED_VARIABLE = YES;
				IPHONEOS_DEPLOYMENT_TARGET = 13.4;
				MTL_ENABLE_DEBUG_INFO = NO;
				MTL_FAST_MATH = YES;
				SDKROOT = iphoneos;
				SWIFT_COMPILATION_MODE = wholemodule;
				SWIFT_OPTIMIZATION_LEVEL = "-O";
				VALIDATE_PRODUCT = YES;
			};
			name = Release;
		};
		C99BFE6B2448FD72008CBB02 /* Debug */ = {
			isa = XCBuildConfiguration;
			buildSettings = {
				ASSETCATALOG_COMPILER_APPICON_NAME = AppIcon;
				CODE_SIGN_STYLE = Automatic;
				DEVELOPMENT_ASSET_PATHS = "\"DebugInterface/Preview Content\"";
				DEVELOPMENT_TEAM = B7FQC7SY5G;
				ENABLE_PREVIEWS = YES;
				INFOPLIST_FILE = DebugInterface/Info.plist;
				LD_RUNPATH_SEARCH_PATHS = (
					"$(inherited)",
					"@executable_path/Frameworks",
				);
				PRODUCT_BUNDLE_IDENTIFIER = com.mitchellbudge.DebugInterface;
				PRODUCT_NAME = "$(TARGET_NAME)";
				SWIFT_VERSION = 5.0;
				TARGETED_DEVICE_FAMILY = "1,2";
			};
			name = Debug;
		};
		C99BFE6C2448FD72008CBB02 /* Release */ = {
			isa = XCBuildConfiguration;
			buildSettings = {
				ASSETCATALOG_COMPILER_APPICON_NAME = AppIcon;
				CODE_SIGN_STYLE = Automatic;
				DEVELOPMENT_ASSET_PATHS = "\"DebugInterface/Preview Content\"";
				DEVELOPMENT_TEAM = B7FQC7SY5G;
				ENABLE_PREVIEWS = YES;
				INFOPLIST_FILE = DebugInterface/Info.plist;
				LD_RUNPATH_SEARCH_PATHS = (
					"$(inherited)",
					"@executable_path/Frameworks",
				);
				PRODUCT_BUNDLE_IDENTIFIER = com.mitchellbudge.DebugInterface;
				PRODUCT_NAME = "$(TARGET_NAME)";
				SWIFT_VERSION = 5.0;
				TARGETED_DEVICE_FAMILY = "1,2";
			};
			name = Release;
		};
		C99BFE6E2448FD72008CBB02 /* Debug */ = {
			isa = XCBuildConfiguration;
			buildSettings = {
				ALWAYS_EMBED_SWIFT_STANDARD_LIBRARIES = YES;
				BUNDLE_LOADER = "$(TEST_HOST)";
				CODE_SIGN_STYLE = Automatic;
				DEVELOPMENT_TEAM = B7FQC7SY5G;
				INFOPLIST_FILE = DebugInterfaceTests/Info.plist;
				IPHONEOS_DEPLOYMENT_TARGET = 13.4;
				LD_RUNPATH_SEARCH_PATHS = (
					"$(inherited)",
					"@executable_path/Frameworks",
					"@loader_path/Frameworks",
				);
				PRODUCT_BUNDLE_IDENTIFIER = com.mitchellbudge.DebugInterfaceTests;
				PRODUCT_NAME = "$(TARGET_NAME)";
				SWIFT_VERSION = 5.0;
				TARGETED_DEVICE_FAMILY = "1,2";
				TEST_HOST = "$(BUILT_PRODUCTS_DIR)/DebugInterface.app/DebugInterface";
			};
			name = Debug;
		};
		C99BFE6F2448FD72008CBB02 /* Release */ = {
			isa = XCBuildConfiguration;
			buildSettings = {
				ALWAYS_EMBED_SWIFT_STANDARD_LIBRARIES = YES;
				BUNDLE_LOADER = "$(TEST_HOST)";
				CODE_SIGN_STYLE = Automatic;
				DEVELOPMENT_TEAM = B7FQC7SY5G;
				INFOPLIST_FILE = DebugInterfaceTests/Info.plist;
				IPHONEOS_DEPLOYMENT_TARGET = 13.4;
				LD_RUNPATH_SEARCH_PATHS = (
					"$(inherited)",
					"@executable_path/Frameworks",
					"@loader_path/Frameworks",
				);
				PRODUCT_BUNDLE_IDENTIFIER = com.mitchellbudge.DebugInterfaceTests;
				PRODUCT_NAME = "$(TARGET_NAME)";
				SWIFT_VERSION = 5.0;
				TARGETED_DEVICE_FAMILY = "1,2";
				TEST_HOST = "$(BUILT_PRODUCTS_DIR)/DebugInterface.app/DebugInterface";
			};
			name = Release;
		};
		C99BFE712448FD72008CBB02 /* Debug */ = {
			isa = XCBuildConfiguration;
			buildSettings = {
				ALWAYS_EMBED_SWIFT_STANDARD_LIBRARIES = YES;
				CODE_SIGN_STYLE = Automatic;
				DEVELOPMENT_TEAM = B7FQC7SY5G;
				INFOPLIST_FILE = DebugInterfaceUITests/Info.plist;
				LD_RUNPATH_SEARCH_PATHS = (
					"$(inherited)",
					"@executable_path/Frameworks",
					"@loader_path/Frameworks",
				);
				PRODUCT_BUNDLE_IDENTIFIER = com.mitchellbudge.DebugInterfaceUITests;
				PRODUCT_NAME = "$(TARGET_NAME)";
				SWIFT_VERSION = 5.0;
				TARGETED_DEVICE_FAMILY = "1,2";
				TEST_TARGET_NAME = DebugInterface;
			};
			name = Debug;
		};
		C99BFE722448FD72008CBB02 /* Release */ = {
			isa = XCBuildConfiguration;
			buildSettings = {
				ALWAYS_EMBED_SWIFT_STANDARD_LIBRARIES = YES;
				CODE_SIGN_STYLE = Automatic;
				DEVELOPMENT_TEAM = B7FQC7SY5G;
				INFOPLIST_FILE = DebugInterfaceUITests/Info.plist;
				LD_RUNPATH_SEARCH_PATHS = (
					"$(inherited)",
					"@executable_path/Frameworks",
					"@loader_path/Frameworks",
				);
				PRODUCT_BUNDLE_IDENTIFIER = com.mitchellbudge.DebugInterfaceUITests;
				PRODUCT_NAME = "$(TARGET_NAME)";
				SWIFT_VERSION = 5.0;
				TARGETED_DEVICE_FAMILY = "1,2";
				TEST_TARGET_NAME = DebugInterface;
			};
			name = Release;
		};
/* End XCBuildConfiguration section */

/* Begin XCConfigurationList section */
		C99BFE3B2448FD71008CBB02 /* Build configuration list for PBXProject "DebugInterface" */ = {
			isa = XCConfigurationList;
			buildConfigurations = (
				C99BFE682448FD72008CBB02 /* Debug */,
				C99BFE692448FD72008CBB02 /* Release */,
			);
			defaultConfigurationIsVisible = 0;
			defaultConfigurationName = Release;
		};
		C99BFE6A2448FD72008CBB02 /* Build configuration list for PBXNativeTarget "DebugInterface" */ = {
			isa = XCConfigurationList;
			buildConfigurations = (
				C99BFE6B2448FD72008CBB02 /* Debug */,
				C99BFE6C2448FD72008CBB02 /* Release */,
			);
			defaultConfigurationIsVisible = 0;
			defaultConfigurationName = Release;
		};
		C99BFE6D2448FD72008CBB02 /* Build configuration list for PBXNativeTarget "DebugInterfaceTests" */ = {
			isa = XCConfigurationList;
			buildConfigurations = (
				C99BFE6E2448FD72008CBB02 /* Debug */,
				C99BFE6F2448FD72008CBB02 /* Release */,
			);
			defaultConfigurationIsVisible = 0;
			defaultConfigurationName = Release;
		};
		C99BFE702448FD72008CBB02 /* Build configuration list for PBXNativeTarget "DebugInterfaceUITests" */ = {
			isa = XCConfigurationList;
			buildConfigurations = (
				C99BFE712448FD72008CBB02 /* Debug */,
				C99BFE722448FD72008CBB02 /* Release */,
			);
			defaultConfigurationIsVisible = 0;
			defaultConfigurationName = Release;
		};
/* End XCConfigurationList section */

/* Begin XCRemoteSwiftPackageReference section */
		C98743A82451FC4500036E5F /* XCRemoteSwiftPackageReference "MKUICommon" */ = {
			isa = XCRemoteSwiftPackageReference;
			repositoryURL = "https://github.com/mckesson/MKUICommon.git";
			requirement = {
				kind = upToNextMajorVersion;
				minimumVersion = 1.2.0;
			};
		};
/* End XCRemoteSwiftPackageReference section */

/* Begin XCSwiftPackageProductDependency section */
		C98743A92451FC4500036E5F /* MKUICommon */ = {
			isa = XCSwiftPackageProductDependency;
			package = C98743A82451FC4500036E5F /* XCRemoteSwiftPackageReference "MKUICommon" */;
			productName = MKUICommon;
		};
/* End XCSwiftPackageProductDependency section */
	};
	rootObject = C99BFE382448FD71008CBB02 /* Project object */;
}
